
Microsoft Visual Studio Solution File, Format Version 12.00
# Visual Studio 15
VisualStudioVersion = 15.0.27703.2035
MinimumVisualStudioVersion = 10.0.40219.1
Project("{FAE04EC0-301F-11D3-BF4B-00C04F79EFBC}") = "homework", "homework\homework.csproj", "{D0AC7FA6-6E12-4326-A1CF-D4BB3CBD7644}"
EndProject
Global
	GlobalSection(SolutionConfigurationPlatforms) = preSolution
		Debug|Any CPU = Debug|Any CPU
		Release|Any CPU = Release|Any CPU
	EndGlobalSection
	GlobalSection(ProjectConfigurationPlatforms) = postSolution
		{D0AC7FA6-6E12-4326-A1CF-D4BB3CBD7644}.Debug|Any CPU.ActiveCfg = Debug|Any CPU
		{D0AC7FA6-6E12-4326-A1CF-D4BB3CBD7644}.Debug|Any CPU.Build.0 = Debug|Any CPU
		{D0AC7FA6-6E12-4326-A1CF-D4BB3CBD7644}.Release|Any CPU.ActiveCfg = Release|Any CPU
		{D0AC7FA6-6E12-4326-A1CF-D4BB3CBD7644}.Release|Any CPU.Build.0 = Release|Any CPU
	EndGlobalSection
	GlobalSection(SolutionProperties) = preSolution
		HideSolutionNode = FALSE
	EndGlobalSection
	GlobalSection(ExtensibilityGlobals) = postSolution
		SolutionGuid = {10B3F4BF-E4C1-46AC-A88A-A626AAFB6FF0}
	EndGlobalSection
EndGlobal
